// !$*UTF8*$!
{
	archiveVersion = 1;
	classes = {
	};
	objectVersion = 55;
	objects = {

/* Begin PBXBuildFile section */
		5E78D7DD282E6422003F6911 /* TravelLocationViewModel.swift in Sources */ = {isa = PBXBuildFile; fileRef = 5E78D7DC282E6422003F6911 /* TravelLocationViewModel.swift */; };
		5EC88D4F282D400E00F667CA /* AppDelegate.swift in Sources */ = {isa = PBXBuildFile; fileRef = 5EC88D4E282D400E00F667CA /* AppDelegate.swift */; };
		5EC88D51282D400E00F667CA /* SceneDelegate.swift in Sources */ = {isa = PBXBuildFile; fileRef = 5EC88D50282D400E00F667CA /* SceneDelegate.swift */; };
		5EC88D53282D400E00F667CA /* TravelLocationViewController.swift in Sources */ = {isa = PBXBuildFile; fileRef = 5EC88D52282D400E00F667CA /* TravelLocationViewController.swift */; };
		5EC88D56282D400E00F667CA /* Main.storyboard in Resources */ = {isa = PBXBuildFile; fileRef = 5EC88D54282D400E00F667CA /* Main.storyboard */; };
		5EC88D59282D400E00F667CA /* VirtualTourist.xcdatamodeld in Sources */ = {isa = PBXBuildFile; fileRef = 5EC88D57282D400E00F667CA /* VirtualTourist.xcdatamodeld */; };
		5EC88D5B282D401000F667CA /* Assets.xcassets in Resources */ = {isa = PBXBuildFile; fileRef = 5EC88D5A282D401000F667CA /* Assets.xcassets */; };
		5EC88D5E282D401000F667CA /* LaunchScreen.storyboard in Resources */ = {isa = PBXBuildFile; fileRef = 5EC88D5C282D401000F667CA /* LaunchScreen.storyboard */; };
		5EC88D69282D401100F667CA /* VirtualTouristTests.swift in Sources */ = {isa = PBXBuildFile; fileRef = 5EC88D68282D401100F667CA /* VirtualTouristTests.swift */; };
		5EC88D73282D401100F667CA /* VirtualTouristUITests.swift in Sources */ = {isa = PBXBuildFile; fileRef = 5EC88D72282D401100F667CA /* VirtualTouristUITests.swift */; };
		5EC88D75282D401100F667CA /* VirtualTouristUITestsLaunchTests.swift in Sources */ = {isa = PBXBuildFile; fileRef = 5EC88D74282D401100F667CA /* VirtualTouristUITestsLaunchTests.swift */; };
		5ED91C84282E7EA0006A15DA /* UserDefaultsProtocol.swift in Sources */ = {isa = PBXBuildFile; fileRef = 5ED91C83282E7EA0006A15DA /* UserDefaultsProtocol.swift */; };
		5ED91C86282E8009006A15DA /* UserDataDefaults.swift in Sources */ = {isa = PBXBuildFile; fileRef = 5ED91C85282E8009006A15DA /* UserDataDefaults.swift */; };
/* End PBXBuildFile section */

/* Begin PBXContainerItemProxy section */
		5EC88D65282D401100F667CA /* PBXContainerItemProxy */ = {
			isa = PBXContainerItemProxy;
			containerPortal = 5EC88D43282D400E00F667CA /* Project object */;
			proxyType = 1;
			remoteGlobalIDString = 5EC88D4A282D400E00F667CA;
			remoteInfo = VirtualTourist;
		};
		5EC88D6F282D401100F667CA /* PBXContainerItemProxy */ = {
			isa = PBXContainerItemProxy;
			containerPortal = 5EC88D43282D400E00F667CA /* Project object */;
			proxyType = 1;
			remoteGlobalIDString = 5EC88D4A282D400E00F667CA;
			remoteInfo = VirtualTourist;
		};
/* End PBXContainerItemProxy section */

/* Begin PBXFileReference section */
		5E78D7DC282E6422003F6911 /* TravelLocationViewModel.swift */ = {isa = PBXFileReference; lastKnownFileType = sourcecode.swift; path = TravelLocationViewModel.swift; sourceTree = "<group>"; };
		5EC88D4B282D400E00F667CA /* VirtualTourist.app */ = {isa = PBXFileReference; explicitFileType = wrapper.application; includeInIndex = 0; path = VirtualTourist.app; sourceTree = BUILT_PRODUCTS_DIR; };
		5EC88D4E282D400E00F667CA /* AppDelegate.swift */ = {isa = PBXFileReference; lastKnownFileType = sourcecode.swift; path = AppDelegate.swift; sourceTree = "<group>"; };
		5EC88D50282D400E00F667CA /* SceneDelegate.swift */ = {isa = PBXFileReference; lastKnownFileType = sourcecode.swift; path = SceneDelegate.swift; sourceTree = "<group>"; };
		5EC88D52282D400E00F667CA /* TravelLocationViewController.swift */ = {isa = PBXFileReference; lastKnownFileType = sourcecode.swift; path = TravelLocationViewController.swift; sourceTree = "<group>"; };
		5EC88D55282D400E00F667CA /* Base */ = {isa = PBXFileReference; lastKnownFileType = file.storyboard; name = Base; path = Base.lproj/Main.storyboard; sourceTree = "<group>"; };
		5EC88D58282D400E00F667CA /* VirtualTourist.xcdatamodel */ = {isa = PBXFileReference; lastKnownFileType = wrapper.xcdatamodel; path = VirtualTourist.xcdatamodel; sourceTree = "<group>"; };
		5EC88D5A282D401000F667CA /* Assets.xcassets */ = {isa = PBXFileReference; lastKnownFileType = folder.assetcatalog; path = Assets.xcassets; sourceTree = "<group>"; };
		5EC88D5D282D401000F667CA /* Base */ = {isa = PBXFileReference; lastKnownFileType = file.storyboard; name = Base; path = Base.lproj/LaunchScreen.storyboard; sourceTree = "<group>"; };
		5EC88D5F282D401000F667CA /* Info.plist */ = {isa = PBXFileReference; lastKnownFileType = text.plist.xml; path = Info.plist; sourceTree = "<group>"; };
		5EC88D64282D401100F667CA /* VirtualTouristTests.xctest */ = {isa = PBXFileReference; explicitFileType = wrapper.cfbundle; includeInIndex = 0; path = VirtualTouristTests.xctest; sourceTree = BUILT_PRODUCTS_DIR; };
		5EC88D68282D401100F667CA /* VirtualTouristTests.swift */ = {isa = PBXFileReference; lastKnownFileType = sourcecode.swift; path = VirtualTouristTests.swift; sourceTree = "<group>"; };
		5EC88D6E282D401100F667CA /* VirtualTouristUITests.xctest */ = {isa = PBXFileReference; explicitFileType = wrapper.cfbundle; includeInIndex = 0; path = VirtualTouristUITests.xctest; sourceTree = BUILT_PRODUCTS_DIR; };
		5EC88D72282D401100F667CA /* VirtualTouristUITests.swift */ = {isa = PBXFileReference; lastKnownFileType = sourcecode.swift; path = VirtualTouristUITests.swift; sourceTree = "<group>"; };
		5EC88D74282D401100F667CA /* VirtualTouristUITestsLaunchTests.swift */ = {isa = PBXFileReference; lastKnownFileType = sourcecode.swift; path = VirtualTouristUITestsLaunchTests.swift; sourceTree = "<group>"; };
		5ED91C83282E7EA0006A15DA /* UserDefaultsProtocol.swift */ = {isa = PBXFileReference; lastKnownFileType = sourcecode.swift; path = UserDefaultsProtocol.swift; sourceTree = "<group>"; };
		5ED91C85282E8009006A15DA /* UserDataDefaults.swift */ = {isa = PBXFileReference; lastKnownFileType = sourcecode.swift; path = UserDataDefaults.swift; sourceTree = "<group>"; };
/* End PBXFileReference section */

/* Begin PBXFrameworksBuildPhase section */
		5EC88D48282D400E00F667CA /* Frameworks */ = {
			isa = PBXFrameworksBuildPhase;
			buildActionMask = 2147483647;
			files = (
			);
			runOnlyForDeploymentPostprocessing = 0;
		};
		5EC88D61282D401100F667CA /* Frameworks */ = {
			isa = PBXFrameworksBuildPhase;
			buildActionMask = 2147483647;
			files = (
			);
			runOnlyForDeploymentPostprocessing = 0;
		};
		5EC88D6B282D401100F667CA /* Frameworks */ = {
			isa = PBXFrameworksBuildPhase;
			buildActionMask = 2147483647;
			files = (
			);
			runOnlyForDeploymentPostprocessing = 0;
		};
/* End PBXFrameworksBuildPhase section */

/* Begin PBXGroup section */
		5E78D7D9282E60FC003F6911 /* View Controllers */ = {
			isa = PBXGroup;
			children = (
				5EC88D52282D400E00F667CA /* TravelLocationViewController.swift */,
			);
			name = "View Controllers";
			sourceTree = "<group>";
		};
		5E78D7DA282E63D3003F6911 /*  View Model */ = {
			isa = PBXGroup;
			children = (
				5E78D7DC282E6422003F6911 /* TravelLocationViewModel.swift */,
			);
			name = " View Model";
			sourceTree = "<group>";
		};
		5EC88D42282D400E00F667CA = {
			isa = PBXGroup;
			children = (
				5EC88D4D282D400E00F667CA /* VirtualTourist */,
				5EC88D67282D401100F667CA /* VirtualTouristTests */,
				5EC88D71282D401100F667CA /* VirtualTouristUITests */,
				5EC88D4C282D400E00F667CA /* Products */,
			);
			sourceTree = "<group>";
		};
		5EC88D4C282D400E00F667CA /* Products */ = {
			isa = PBXGroup;
			children = (
				5EC88D4B282D400E00F667CA /* VirtualTourist.app */,
				5EC88D64282D401100F667CA /* VirtualTouristTests.xctest */,
				5EC88D6E282D401100F667CA /* VirtualTouristUITests.xctest */,
			);
			name = Products;
			sourceTree = "<group>";
		};
		5EC88D4D282D400E00F667CA /* VirtualTourist */ = {
			isa = PBXGroup;
			children = (
				5ED91C7B282E7545006A15DA /* UserData */,
				5EC88D4E282D400E00F667CA /* AppDelegate.swift */,
				5EC88D50282D400E00F667CA /* SceneDelegate.swift */,
				5ED91C82282E7E66006A15DA /* UserData */,
				5E78D7D9282E60FC003F6911 /* View Controllers */,
				5E78D7DA282E63D3003F6911 /*  View Model */,
				5EC88D54282D400E00F667CA /* Main.storyboard */,
				5EC88D5A282D401000F667CA /* Assets.xcassets */,
				5EC88D5C282D401000F667CA /* LaunchScreen.storyboard */,
				5EC88D5F282D401000F667CA /* Info.plist */,
				5EC88D57282D400E00F667CA /* VirtualTourist.xcdatamodeld */,
			);
			path = VirtualTourist;
			sourceTree = "<group>";
		};
		5EC88D67282D401100F667CA /* VirtualTouristTests */ = {
			isa = PBXGroup;
			children = (
				5EC88D68282D401100F667CA /* VirtualTouristTests.swift */,
			);
			path = VirtualTouristTests;
			sourceTree = "<group>";
		};
		5EC88D71282D401100F667CA /* VirtualTouristUITests */ = {
			isa = PBXGroup;
			children = (
				5EC88D72282D401100F667CA /* VirtualTouristUITests.swift */,
				5EC88D74282D401100F667CA /* VirtualTouristUITestsLaunchTests.swift */,
			);
			path = VirtualTouristUITests;
			sourceTree = "<group>";
		};
		5ED91C7B282E7545006A15DA /* UserData */ = {
			isa = PBXGroup;
			children = (
			);
			name = UserData;
			sourceTree = "<group>";
		};
		5ED91C82282E7E66006A15DA /* UserData */ = {
			isa = PBXGroup;
			children = (
				5ED91C83282E7EA0006A15DA /* UserDefaultsProtocol.swift */,
				5ED91C85282E8009006A15DA /* UserDataDefaults.swift */,
			);
			name = UserData;
			sourceTree = "<group>";
		};
/* End PBXGroup section */

/* Begin PBXNativeTarget section */
		5EC88D4A282D400E00F667CA /* VirtualTourist */ = {
			isa = PBXNativeTarget;
			buildConfigurationList = 5EC88D78282D401100F667CA /* Build configuration list for PBXNativeTarget "VirtualTourist" */;
			buildPhases = (
				5E78D7D8282E5C70003F6911 /* ShellScript */,
				5EC88D47282D400E00F667CA /* Sources */,
				5EC88D48282D400E00F667CA /* Frameworks */,
				5EC88D49282D400E00F667CA /* Resources */,
			);
			buildRules = (
			);
			dependencies = (
			);
			name = VirtualTourist;
			productName = VirtualTourist;
			productReference = 5EC88D4B282D400E00F667CA /* VirtualTourist.app */;
			productType = "com.apple.product-type.application";
		};
		5EC88D63282D401100F667CA /* VirtualTouristTests */ = {
			isa = PBXNativeTarget;
			buildConfigurationList = 5EC88D7B282D401100F667CA /* Build configuration list for PBXNativeTarget "VirtualTouristTests" */;
			buildPhases = (
				5EC88D60282D401100F667CA /* Sources */,
				5EC88D61282D401100F667CA /* Frameworks */,
				5EC88D62282D401100F667CA /* Resources */,
			);
			buildRules = (
			);
			dependencies = (
				5EC88D66282D401100F667CA /* PBXTargetDependency */,
			);
			name = VirtualTouristTests;
			productName = VirtualTouristTests;
			productReference = 5EC88D64282D401100F667CA /* VirtualTouristTests.xctest */;
			productType = "com.apple.product-type.bundle.unit-test";
		};
		5EC88D6D282D401100F667CA /* VirtualTouristUITests */ = {
			isa = PBXNativeTarget;
			buildConfigurationList = 5EC88D7E282D401100F667CA /* Build configuration list for PBXNativeTarget "VirtualTouristUITests" */;
			buildPhases = (
				5EC88D6A282D401100F667CA /* Sources */,
				5EC88D6B282D401100F667CA /* Frameworks */,
				5EC88D6C282D401100F667CA /* Resources */,
			);
			buildRules = (
			);
			dependencies = (
				5EC88D70282D401100F667CA /* PBXTargetDependency */,
			);
			name = VirtualTouristUITests;
			productName = VirtualTouristUITests;
			productReference = 5EC88D6E282D401100F667CA /* VirtualTouristUITests.xctest */;
			productType = "com.apple.product-type.bundle.ui-testing";
		};
/* End PBXNativeTarget section */

/* Begin PBXProject section */
		5EC88D43282D400E00F667CA /* Project object */ = {
			isa = PBXProject;
			attributes = {
				BuildIndependentTargetsInParallel = 1;
				LastSwiftUpdateCheck = 1330;
				LastUpgradeCheck = 1330;
				TargetAttributes = {
					5EC88D4A282D400E00F667CA = {
						CreatedOnToolsVersion = 13.3.1;
					};
					5EC88D63282D401100F667CA = {
						CreatedOnToolsVersion = 13.3.1;
						TestTargetID = 5EC88D4A282D400E00F667CA;
					};
					5EC88D6D282D401100F667CA = {
						CreatedOnToolsVersion = 13.3.1;
						TestTargetID = 5EC88D4A282D400E00F667CA;
					};
				};
			};
			buildConfigurationList = 5EC88D46282D400E00F667CA /* Build configuration list for PBXProject "VirtualTourist" */;
			compatibilityVersion = "Xcode 13.0";
			developmentRegion = en;
			hasScannedForEncodings = 0;
			knownRegions = (
				en,
				Base,
			);
			mainGroup = 5EC88D42282D400E00F667CA;
			productRefGroup = 5EC88D4C282D400E00F667CA /* Products */;
			projectDirPath = "";
			projectRoot = "";
			targets = (
				5EC88D4A282D400E00F667CA /* VirtualTourist */,
				5EC88D63282D401100F667CA /* VirtualTouristTests */,
				5EC88D6D282D401100F667CA /* VirtualTouristUITests */,
			);
		};
/* End PBXProject section */

/* Begin PBXResourcesBuildPhase section */
		5EC88D49282D400E00F667CA /* Resources */ = {
			isa = PBXResourcesBuildPhase;
			buildActionMask = 2147483647;
			files = (
				5EC88D5E282D401000F667CA /* LaunchScreen.storyboard in Resources */,
				5EC88D5B282D401000F667CA /* Assets.xcassets in Resources */,
				5EC88D56282D400E00F667CA /* Main.storyboard in Resources */,
			);
			runOnlyForDeploymentPostprocessing = 0;
		};
		5EC88D62282D401100F667CA /* Resources */ = {
			isa = PBXResourcesBuildPhase;
			buildActionMask = 2147483647;
			files = (
			);
			runOnlyForDeploymentPostprocessing = 0;
		};
		5EC88D6C282D401100F667CA /* Resources */ = {
			isa = PBXResourcesBuildPhase;
			buildActionMask = 2147483647;
			files = (
			);
			runOnlyForDeploymentPostprocessing = 0;
		};
/* End PBXResourcesBuildPhase section */

/* Begin PBXShellScriptBuildPhase section */
		5E78D7D8282E5C70003F6911 /* ShellScript */ = {
			isa = PBXShellScriptBuildPhase;
			buildActionMask = 2147483647;
			files = (
			);
			inputFileListPaths = (
			);
			inputPaths = (
			);
			outputFileListPaths = (
			);
			outputPaths = (
			);
			runOnlyForDeploymentPostprocessing = 0;
			shellPath = /bin/sh;
			shellScript = "export PATH=\"$PATH:/opt/homebrew/bin\"\nif which swiftlint > /dev/null; then\n  swiftlint autocorrect\n  swiftlint\nelse\n  echo \"warning: SwiftLint not installed, download from https://github.com/realm/SwiftLint\"\nfi\n";
		};
/* End PBXShellScriptBuildPhase section */

/* Begin PBXSourcesBuildPhase section */
		5EC88D47282D400E00F667CA /* Sources */ = {
			isa = PBXSourcesBuildPhase;
			buildActionMask = 2147483647;
			files = (
				5E78D7DD282E6422003F6911 /* TravelLocationViewModel.swift in Sources */,
				5ED91C86282E8009006A15DA /* UserDataDefaults.swift in Sources */,
				5EC88D59282D400E00F667CA /* VirtualTourist.xcdatamodeld in Sources */,
				5EC88D53282D400E00F667CA /* TravelLocationViewController.swift in Sources */,
				5EC88D4F282D400E00F667CA /* AppDelegate.swift in Sources */,
				5ED91C84282E7EA0006A15DA /* UserDefaultsProtocol.swift in Sources */,
				5EC88D51282D400E00F667CA /* SceneDelegate.swift in Sources */,
			);
			runOnlyForDeploymentPostprocessing = 0;
		};
		5EC88D60282D401100F667CA /* Sources */ = {
			isa = PBXSourcesBuildPhase;
			buildActionMask = 2147483647;
			files = (
				5EC88D69282D401100F667CA /* VirtualTouristTests.swift in Sources */,
			);
			runOnlyForDeploymentPostprocessing = 0;
		};
		5EC88D6A282D401100F667CA /* Sources */ = {
			isa = PBXSourcesBuildPhase;
			buildActionMask = 2147483647;
			files = (
				5EC88D73282D401100F667CA /* VirtualTouristUITests.swift in Sources */,
				5EC88D75282D401100F667CA /* VirtualTouristUITestsLaunchTests.swift in Sources */,
			);
			runOnlyForDeploymentPostprocessing = 0;
		};
/* End PBXSourcesBuildPhase section */

/* Begin PBXTargetDependency section */
		5EC88D66282D401100F667CA /* PBXTargetDependency */ = {
			isa = PBXTargetDependency;
			target = 5EC88D4A282D400E00F667CA /* VirtualTourist */;
			targetProxy = 5EC88D65282D401100F667CA /* PBXContainerItemProxy */;
		};
		5EC88D70282D401100F667CA /* PBXTargetDependency */ = {
			isa = PBXTargetDependency;
			target = 5EC88D4A282D400E00F667CA /* VirtualTourist */;
			targetProxy = 5EC88D6F282D401100F667CA /* PBXContainerItemProxy */;
		};
/* End PBXTargetDependency section */

/* Begin PBXVariantGroup section */
		5EC88D54282D400E00F667CA /* Main.storyboard */ = {
			isa = PBXVariantGroup;
			children = (
				5EC88D55282D400E00F667CA /* Base */,
			);
			name = Main.storyboard;
			sourceTree = "<group>";
		};
		5EC88D5C282D401000F667CA /* LaunchScreen.storyboard */ = {
			isa = PBXVariantGroup;
			children = (
				5EC88D5D282D401000F667CA /* Base */,
			);
			name = LaunchScreen.storyboard;
			sourceTree = "<group>";
		};
/* End PBXVariantGroup section */

/* Begin XCBuildConfiguration section */
		5EC88D76282D401100F667CA /* Debug */ = {
			isa = XCBuildConfiguration;
			buildSettings = {
				ALWAYS_SEARCH_USER_PATHS = NO;
				CLANG_ANALYZER_NONNULL = YES;
				CLANG_ANALYZER_NUMBER_OBJECT_CONVERSION = YES_AGGRESSIVE;
				CLANG_CXX_LANGUAGE_STANDARD = "gnu++17";
				CLANG_ENABLE_MODULES = YES;
				CLANG_ENABLE_OBJC_ARC = YES;
				CLANG_ENABLE_OBJC_WEAK = YES;
				CLANG_WARN_BLOCK_CAPTURE_AUTORELEASING = YES;
				CLANG_WARN_BOOL_CONVERSION = YES;
				CLANG_WARN_COMMA = YES;
				CLANG_WARN_CONSTANT_CONVERSION = YES;
				CLANG_WARN_DEPRECATED_OBJC_IMPLEMENTATIONS = YES;
				CLANG_WARN_DIRECT_OBJC_ISA_USAGE = YES_ERROR;
				CLANG_WARN_DOCUMENTATION_COMMENTS = YES;
				CLANG_WARN_EMPTY_BODY = YES;
				CLANG_WARN_ENUM_CONVERSION = YES;
				CLANG_WARN_INFINITE_RECURSION = YES;
				CLANG_WARN_INT_CONVERSION = YES;
				CLANG_WARN_NON_LITERAL_NULL_CONVERSION = YES;
				CLANG_WARN_OBJC_IMPLICIT_RETAIN_SELF = YES;
				CLANG_WARN_OBJC_LITERAL_CONVERSION = YES;
				CLANG_WARN_OBJC_ROOT_CLASS = YES_ERROR;
				CLANG_WARN_QUOTED_INCLUDE_IN_FRAMEWORK_HEADER = YES;
				CLANG_WARN_RANGE_LOOP_ANALYSIS = YES;
				CLANG_WARN_STRICT_PROTOTYPES = YES;
				CLANG_WARN_SUSPICIOUS_MOVE = YES;
				CLANG_WARN_UNGUARDED_AVAILABILITY = YES_AGGRESSIVE;
				CLANG_WARN_UNREACHABLE_CODE = YES;
				CLANG_WARN__DUPLICATE_METHOD_MATCH = YES;
				COPY_PHASE_STRIP = NO;
				DEBUG_INFORMATION_FORMAT = dwarf;
				ENABLE_STRICT_OBJC_MSGSEND = YES;
				ENABLE_TESTABILITY = YES;
				GCC_C_LANGUAGE_STANDARD = gnu11;
				GCC_DYNAMIC_NO_PIC = NO;
				GCC_NO_COMMON_BLOCKS = YES;
				GCC_OPTIMIZATION_LEVEL = 0;
				GCC_PREPROCESSOR_DEFINITIONS = (
					"DEBUG=1",
					"$(inherited)",
				);
				GCC_WARN_64_TO_32_BIT_CONVERSION = YES;
				GCC_WARN_ABOUT_RETURN_TYPE = YES_ERROR;
				GCC_WARN_UNDECLARED_SELECTOR = YES;
				GCC_WARN_UNINITIALIZED_AUTOS = YES_AGGRESSIVE;
				GCC_WARN_UNUSED_FUNCTION = YES;
				GCC_WARN_UNUSED_VARIABLE = YES;
				IPHONEOS_DEPLOYMENT_TARGET = 15.4;
				MTL_ENABLE_DEBUG_INFO = INCLUDE_SOURCE;
				MTL_FAST_MATH = YES;
				ONLY_ACTIVE_ARCH = YES;
				SDKROOT = iphoneos;
				SWIFT_ACTIVE_COMPILATION_CONDITIONS = DEBUG;
				SWIFT_OPTIMIZATION_LEVEL = "-Onone";
			};
			name = Debug;
		};
		5EC88D77282D401100F667CA /* Release */ = {
			isa = XCBuildConfiguration;
			buildSettings = {
				ALWAYS_SEARCH_USER_PATHS = NO;
				CLANG_ANALYZER_NONNULL = YES;
				CLANG_ANALYZER_NUMBER_OBJECT_CONVERSION = YES_AGGRESSIVE;
				CLANG_CXX_LANGUAGE_STANDARD = "gnu++17";
				CLANG_ENABLE_MODULES = YES;
				CLANG_ENABLE_OBJC_ARC = YES;
				CLANG_ENABLE_OBJC_WEAK = YES;
				CLANG_WARN_BLOCK_CAPTURE_AUTORELEASING = YES;
				CLANG_WARN_BOOL_CONVERSION = YES;
				CLANG_WARN_COMMA = YES;
				CLANG_WARN_CONSTANT_CONVERSION = YES;
				CLANG_WARN_DEPRECATED_OBJC_IMPLEMENTATIONS = YES;
				CLANG_WARN_DIRECT_OBJC_ISA_USAGE = YES_ERROR;
				CLANG_WARN_DOCUMENTATION_COMMENTS = YES;
				CLANG_WARN_EMPTY_BODY = YES;
				CLANG_WARN_ENUM_CONVERSION = YES;
				CLANG_WARN_INFINITE_RECURSION = YES;
				CLANG_WARN_INT_CONVERSION = YES;
				CLANG_WARN_NON_LITERAL_NULL_CONVERSION = YES;
				CLANG_WARN_OBJC_IMPLICIT_RETAIN_SELF = YES;
				CLANG_WARN_OBJC_LITERAL_CONVERSION = YES;
				CLANG_WARN_OBJC_ROOT_CLASS = YES_ERROR;
				CLANG_WARN_QUOTED_INCLUDE_IN_FRAMEWORK_HEADER = YES;
				CLANG_WARN_RANGE_LOOP_ANALYSIS = YES;
				CLANG_WARN_STRICT_PROTOTYPES = YES;
				CLANG_WARN_SUSPICIOUS_MOVE = YES;
				CLANG_WARN_UNGUARDED_AVAILABILITY = YES_AGGRESSIVE;
				CLANG_WARN_UNREACHABLE_CODE = YES;
				CLANG_WARN__DUPLICATE_METHOD_MATCH = YES;
				COPY_PHASE_STRIP = NO;
				DEBUG_INFORMATION_FORMAT = "dwarf-with-dsym";
				ENABLE_NS_ASSERTIONS = NO;
				ENABLE_STRICT_OBJC_MSGSEND = YES;
				GCC_C_LANGUAGE_STANDARD = gnu11;
				GCC_NO_COMMON_BLOCKS = YES;
				GCC_WARN_64_TO_32_BIT_CONVERSION = YES;
				GCC_WARN_ABOUT_RETURN_TYPE = YES_ERROR;
				GCC_WARN_UNDECLARED_SELECTOR = YES;
				GCC_WARN_UNINITIALIZED_AUTOS = YES_AGGRESSIVE;
				GCC_WARN_UNUSED_FUNCTION = YES;
				GCC_WARN_UNUSED_VARIABLE = YES;
				IPHONEOS_DEPLOYMENT_TARGET = 15.4;
				MTL_ENABLE_DEBUG_INFO = NO;
				MTL_FAST_MATH = YES;
				SDKROOT = iphoneos;
				SWIFT_COMPILATION_MODE = wholemodule;
				SWIFT_OPTIMIZATION_LEVEL = "-O";
				VALIDATE_PRODUCT = YES;
			};
			name = Release;
		};
		5EC88D79282D401100F667CA /* Debug */ = {
			isa = XCBuildConfiguration;
			buildSettings = {
				ASSETCATALOG_COMPILER_APPICON_NAME = AppIcon;
				ASSETCATALOG_COMPILER_GLOBAL_ACCENT_COLOR_NAME = AccentColor;
				CODE_SIGN_STYLE = Automatic;
				CURRENT_PROJECT_VERSION = 1;
				DEVELOPMENT_TEAM = 6GU6D4AYLD;
				GENERATE_INFOPLIST_FILE = YES;
				INFOPLIST_FILE = VirtualTourist/Info.plist;
				INFOPLIST_KEY_UIApplicationSupportsIndirectInputEvents = YES;
				INFOPLIST_KEY_UILaunchStoryboardName = LaunchScreen;
				INFOPLIST_KEY_UIMainStoryboardFile = Main;
				INFOPLIST_KEY_UISupportedInterfaceOrientations_iPad = "UIInterfaceOrientationPortrait UIInterfaceOrientationPortraitUpsideDown UIInterfaceOrientationLandscapeLeft UIInterfaceOrientationLandscapeRight";
				INFOPLIST_KEY_UISupportedInterfaceOrientations_iPhone = "UIInterfaceOrientationPortrait UIInterfaceOrientationLandscapeLeft UIInterfaceOrientationLandscapeRight";
				LD_RUNPATH_SEARCH_PATHS = (
					"$(inherited)",
					"@executable_path/Frameworks",
				);
				MARKETING_VERSION = 1.0;
				PRODUCT_BUNDLE_IDENTIFIER = bbencardino.VirtualTourist;
				PRODUCT_NAME = "$(TARGET_NAME)";
				SWIFT_EMIT_LOC_STRINGS = YES;
				SWIFT_VERSION = 5.0;
				TARGETED_DEVICE_FAMILY = "1,2";
			};
			name = Debug;
		};
		5EC88D7A282D401100F667CA /* Release */ = {
			isa = XCBuildConfiguration;
			buildSettings = {
				ASSETCATALOG_COMPILER_APPICON_NAME = AppIcon;
				ASSETCATALOG_COMPILER_GLOBAL_ACCENT_COLOR_NAME = AccentColor;
				CODE_SIGN_STYLE = Automatic;
				CURRENT_PROJECT_VERSION = 1;
				DEVELOPMENT_TEAM = 6GU6D4AYLD;
				GENERATE_INFOPLIST_FILE = YES;
				INFOPLIST_FILE = VirtualTourist/Info.plist;
				INFOPLIST_KEY_UIApplicationSupportsIndirectInputEvents = YES;
				INFOPLIST_KEY_UILaunchStoryboardName = LaunchScreen;
				INFOPLIST_KEY_UIMainStoryboardFile = Main;
				INFOPLIST_KEY_UISupportedInterfaceOrientations_iPad = "UIInterfaceOrientationPortrait UIInterfaceOrientationPortraitUpsideDown UIInterfaceOrientationLandscapeLeft UIInterfaceOrientationLandscapeRight";
				INFOPLIST_KEY_UISupportedInterfaceOrientations_iPhone = "UIInterfaceOrientationPortrait UIInterfaceOrientationLandscapeLeft UIInterfaceOrientationLandscapeRight";
				LD_RUNPATH_SEARCH_PATHS = (
					"$(inherited)",
					"@executable_path/Frameworks",
				);
				MARKETING_VERSION = 1.0;
				PRODUCT_BUNDLE_IDENTIFIER = bbencardino.VirtualTourist;
				PRODUCT_NAME = "$(TARGET_NAME)";
				SWIFT_EMIT_LOC_STRINGS = YES;
				SWIFT_VERSION = 5.0;
				TARGETED_DEVICE_FAMILY = "1,2";
			};
			name = Release;
		};
		5EC88D7C282D401100F667CA /* Debug */ = {
			isa = XCBuildConfiguration;
			buildSettings = {
				ALWAYS_EMBED_SWIFT_STANDARD_LIBRARIES = YES;
				BUNDLE_LOADER = "$(TEST_HOST)";
				CODE_SIGN_STYLE = Automatic;
				CURRENT_PROJECT_VERSION = 1;
				DEVELOPMENT_TEAM = 6GU6D4AYLD;
				GENERATE_INFOPLIST_FILE = YES;
				IPHONEOS_DEPLOYMENT_TARGET = 15.4;
				MARKETING_VERSION = 1.0;
				PRODUCT_BUNDLE_IDENTIFIER = bbencardino.VirtualTouristTests;
				PRODUCT_NAME = "$(TARGET_NAME)";
				SWIFT_EMIT_LOC_STRINGS = NO;
				SWIFT_VERSION = 5.0;
				TARGETED_DEVICE_FAMILY = "1,2";
				TEST_HOST = "$(BUILT_PRODUCTS_DIR)/VirtualTourist.app/VirtualTourist";
			};
			name = Debug;
		};
		5EC88D7D282D401100F667CA /* Release */ = {
			isa = XCBuildConfiguration;
			buildSettings = {
				ALWAYS_EMBED_SWIFT_STANDARD_LIBRARIES = YES;
				BUNDLE_LOADER = "$(TEST_HOST)";
				CODE_SIGN_STYLE = Automatic;
				CURRENT_PROJECT_VERSION = 1;
				DEVELOPMENT_TEAM = 6GU6D4AYLD;
				GENERATE_INFOPLIST_FILE = YES;
				IPHONEOS_DEPLOYMENT_TARGET = 15.4;
				MARKETING_VERSION = 1.0;
				PRODUCT_BUNDLE_IDENTIFIER = bbencardino.VirtualTouristTests;
				PRODUCT_NAME = "$(TARGET_NAME)";
				SWIFT_EMIT_LOC_STRINGS = NO;
				SWIFT_VERSION = 5.0;
				TARGETED_DEVICE_FAMILY = "1,2";
				TEST_HOST = "$(BUILT_PRODUCTS_DIR)/VirtualTourist.app/VirtualTourist";
			};
			name = Release;
		};
		5EC88D7F282D401100F667CA /* Debug */ = {
			isa = XCBuildConfiguration;
			buildSettings = {
				ALWAYS_EMBED_SWIFT_STANDARD_LIBRARIES = YES;
				CODE_SIGN_STYLE = Automatic;
				CURRENT_PROJECT_VERSION = 1;
				DEVELOPMENT_TEAM = 6GU6D4AYLD;
				GENERATE_INFOPLIST_FILE = YES;
				MARKETING_VERSION = 1.0;
				PRODUCT_BUNDLE_IDENTIFIER = bbencardino.VirtualTouristUITests;
				PRODUCT_NAME = "$(TARGET_NAME)";
				SWIFT_EMIT_LOC_STRINGS = NO;
				SWIFT_VERSION = 5.0;
				TARGETED_DEVICE_FAMILY = "1,2";
				TEST_TARGET_NAME = VirtualTourist;
			};
			name = Debug;
		};
		5EC88D80282D401100F667CA /* Release */ = {
			isa = XCBuildConfiguration;
			buildSettings = {
				ALWAYS_EMBED_SWIFT_STANDARD_LIBRARIES = YES;
				CODE_SIGN_STYLE = Automatic;
				CURRENT_PROJECT_VERSION = 1;
				DEVELOPMENT_TEAM = 6GU6D4AYLD;
				GENERATE_INFOPLIST_FILE = YES;
				MARKETING_VERSION = 1.0;
				PRODUCT_BUNDLE_IDENTIFIER = bbencardino.VirtualTouristUITests;
				PRODUCT_NAME = "$(TARGET_NAME)";
				SWIFT_EMIT_LOC_STRINGS = NO;
				SWIFT_VERSION = 5.0;
				TARGETED_DEVICE_FAMILY = "1,2";
				TEST_TARGET_NAME = VirtualTourist;
			};
			name = Release;
		};
/* End XCBuildConfiguration section */

/* Begin XCConfigurationList section */
		5EC88D46282D400E00F667CA /* Build configuration list for PBXProject "VirtualTourist" */ = {
			isa = XCConfigurationList;
			buildConfigurations = (
				5EC88D76282D401100F667CA /* Debug */,
				5EC88D77282D401100F667CA /* Release */,
			);
			defaultConfigurationIsVisible = 0;
			defaultConfigurationName = Release;
		};
		5EC88D78282D401100F667CA /* Build configuration list for PBXNativeTarget "VirtualTourist" */ = {
			isa = XCConfigurationList;
			buildConfigurations = (
				5EC88D79282D401100F667CA /* Debug */,
				5EC88D7A282D401100F667CA /* Release */,
			);
			defaultConfigurationIsVisible = 0;
			defaultConfigurationName = Release;
		};
		5EC88D7B282D401100F667CA /* Build configuration list for PBXNativeTarget "VirtualTouristTests" */ = {
			isa = XCConfigurationList;
			buildConfigurations = (
				5EC88D7C282D401100F667CA /* Debug */,
				5EC88D7D282D401100F667CA /* Release */,
			);
			defaultConfigurationIsVisible = 0;
			defaultConfigurationName = Release;
		};
		5EC88D7E282D401100F667CA /* Build configuration list for PBXNativeTarget "VirtualTouristUITests" */ = {
			isa = XCConfigurationList;
			buildConfigurations = (
				5EC88D7F282D401100F667CA /* Debug */,
				5EC88D80282D401100F667CA /* Release */,
			);
			defaultConfigurationIsVisible = 0;
			defaultConfigurationName = Release;
		};
/* End XCConfigurationList section */

/* Begin XCVersionGroup section */
		5EC88D57282D400E00F667CA /* VirtualTourist.xcdatamodeld */ = {
			isa = XCVersionGroup;
			children = (
				5EC88D58282D400E00F667CA /* VirtualTourist.xcdatamodel */,
			);
			currentVersion = 5EC88D58282D400E00F667CA /* VirtualTourist.xcdatamodel */;
			path = VirtualTourist.xcdatamodeld;
			sourceTree = "<group>";
			versionGroupType = wrapper.xcdatamodel;
		};
/* End XCVersionGroup section */
	};
	rootObject = 5EC88D43282D400E00F667CA /* Project object */;
}
